{
  "name": "test-chaicode-css",
  "version": "1.0.0",
  "lockfileVersion": 3,
  "requires": true,
  "packages": {
    "": {
      "name": "test-chaicode-css",
      "version": "1.0.0",
      "license": "ISC",
      "dependencies": {
        "@atomic2103/chaicode-css": "^0.1.0"
      }
    },
    "node_modules/@atomic2103/chaicode-css": {
      "version": "0.1.0",
      "resolved": "https://registry.npmjs.org/@atomic2103/chaicode-css/-/chaicode-css-0.1.0.tgz",
      "integrity": "sha512-WaccZFdBLwTyXRH7QU6nYXx9C0VXSoF/Wo+C3l8f39QTb89WYEcMD7tBto5dzT2SC/nY8i7hcnKZty7b/oFyPg==",
      "license": "UNLICENSED",
      "engines": {
        "node": ">=18"
      }
    }
  }
}
